
Microsoft Visual Studio Solution File, Format Version 12.00
# Visual Studio Version 16
VisualStudioVersion = 16.0.29806.167
MinimumVisualStudioVersion = 10.0.40219.1
Project("{8BC9CEB8-8B4A-11D0-8D11-00A0C91BC942}") = "Conga_codeInProcess", "Conga_codeInProcess.vcxproj", "{6E4C6DFD-AE30-47E5-BF60-5614FB7612EE}"
EndProject
Global
	GlobalSection(SolutionConfigurationPlatforms) = preSolution
		Debug|x64 = Debug|x64
		Debug|x86 = Debug|x86
		Release|x64 = Release|x64
		Release|x86 = Release|x86
	EndGlobalSection
	GlobalSection(ProjectConfigurationPlatforms) = postSolution
		{6E4C6DFD-AE30-47E5-BF60-5614FB7612EE}.Debug|x64.ActiveCfg = Debug|x64
		{6E4C6DFD-AE30-47E5-BF60-5614FB7612EE}.Debug|x64.Build.0 = Debug|x64
		{6E4C6DFD-AE30-47E5-BF60-5614FB7612EE}.Debug|x86.ActiveCfg = Debug|Win32
		{6E4C6DFD-AE30-47E5-BF60-5614FB7612EE}.Debug|x86.Build.0 = Debug|Win32
		{6E4C6DFD-AE30-47E5-BF60-5614FB7612EE}.Release|x64.ActiveCfg = Release|x64
		{6E4C6DFD-AE30-47E5-BF60-5614FB7612EE}.Release|x64.Build.0 = Release|x64
		{6E4C6DFD-AE30-47E5-BF60-5614FB7612EE}.Release|x86.ActiveCfg = Release|Win32
		{6E4C6DFD-AE30-47E5-BF60-5614FB7612EE}.Release|x86.Build.0 = Release|Win32
	EndGlobalSection
	GlobalSection(SolutionProperties) = preSolution
		HideSolutionNode = FALSE
	EndGlobalSection
	GlobalSection(ExtensibilityGlobals) = postSolution
		SolutionGuid = {EB90B7A9-32E5-4E48-B9BA-74765C3D92F4}
	EndGlobalSection
EndGlobal
